// !$*UTF8*$!
{
	archiveVersion = 1;
	classes = {
	};
	objectVersion = 46;
	objects = {

/* Begin PBXBuildFile section */
		BF44BC821B9E807B0020AE09 /* CoreImage.framework in Frameworks */ = {isa = PBXBuildFile; fileRef = BF44BC811B9E807B0020AE09 /* CoreImage.framework */; };
		BF44BC911B9EAFDA0020AE09 /* 01.png in Resources */ = {isa = PBXBuildFile; fileRef = BF44BC891B9EAFDA0020AE09 /* 01.png */; };
		BF44BC921B9EAFDA0020AE09 /* 02.png in Resources */ = {isa = PBXBuildFile; fileRef = BF44BC8A1B9EAFDA0020AE09 /* 02.png */; };
		BF44BC931B9EAFDA0020AE09 /* 03.png in Resources */ = {isa = PBXBuildFile; fileRef = BF44BC8B1B9EAFDA0020AE09 /* 03.png */; };
		BF44BC941B9EAFDA0020AE09 /* 04.png in Resources */ = {isa = PBXBuildFile; fileRef = BF44BC8C1B9EAFDA0020AE09 /* 04.png */; };
		BF44BC951B9EAFDA0020AE09 /* 05.png in Resources */ = {isa = PBXBuildFile; fileRef = BF44BC8D1B9EAFDA0020AE09 /* 05.png */; };
		BF44BC961B9EAFDA0020AE09 /* 06.png in Resources */ = {isa = PBXBuildFile; fileRef = BF44BC8E1B9EAFDA0020AE09 /* 06.png */; };
		BF44BC971B9EAFDA0020AE09 /* 07.png in Resources */ = {isa = PBXBuildFile; fileRef = BF44BC8F1B9EAFDA0020AE09 /* 07.png */; };
		BF44BC981B9EAFDA0020AE09 /* 08.png in Resources */ = {isa = PBXBuildFile; fileRef = BF44BC901B9EAFDA0020AE09 /* 08.png */; };
		BF44BC9B1B9EB6660020AE09 /* 09.png in Resources */ = {isa = PBXBuildFile; fileRef = BF44BC991B9EB6660020AE09 /* 09.png */; };
		BF44BC9C1B9EB6660020AE09 /* 10.png in Resources */ = {isa = PBXBuildFile; fileRef = BF44BC9A1B9EB6660020AE09 /* 10.png */; };
		BF44BC9F1B9EC76E0020AE09 /* 11.png in Resources */ = {isa = PBXBuildFile; fileRef = BF44BC9D1B9EC76E0020AE09 /* 11.png */; };
		BF44BCA01B9EC76E0020AE09 /* 12.png in Resources */ = {isa = PBXBuildFile; fileRef = BF44BC9E1B9EC76E0020AE09 /* 12.png */; };
		BF44BCA21B9EE6060020AE09 /* Start.png in Resources */ = {isa = PBXBuildFile; fileRef = BF44BCA11B9EE6060020AE09 /* Start.png */; };
		BF47FEFD1B993F6F00DCFCC0 /* main.m in Sources */ = {isa = PBXBuildFile; fileRef = BF47FEFC1B993F6F00DCFCC0 /* main.m */; };
		BF47FF001B993F6F00DCFCC0 /* AppDelegate.m in Sources */ = {isa = PBXBuildFile; fileRef = BF47FEFF1B993F6F00DCFCC0 /* AppDelegate.m */; };
		BF47FF031B993F6F00DCFCC0 /* ViewController.m in Sources */ = {isa = PBXBuildFile; fileRef = BF47FF021B993F6F00DCFCC0 /* ViewController.m */; };
		BF47FF061B993F6F00DCFCC0 /* Main.storyboard in Resources */ = {isa = PBXBuildFile; fileRef = BF47FF041B993F6F00DCFCC0 /* Main.storyboard */; };
		BF47FF081B993F6F00DCFCC0 /* Images.xcassets in Resources */ = {isa = PBXBuildFile; fileRef = BF47FF071B993F6F00DCFCC0 /* Images.xcassets */; };
		BF47FF0B1B993F6F00DCFCC0 /* LaunchScreen.xib in Resources */ = {isa = PBXBuildFile; fileRef = BF47FF091B993F6F00DCFCC0 /* LaunchScreen.xib */; };
		BF47FF171B993F6F00DCFCC0 /* FaceFilmTests.m in Sources */ = {isa = PBXBuildFile; fileRef = BF47FF161B993F6F00DCFCC0 /* FaceFilmTests.m */; };
		BF4EA6B01B9D601800949F4B /* QuartzCore.framework in Frameworks */ = {isa = PBXBuildFile; fileRef = BF4EA6AF1B9D601800949F4B /* QuartzCore.framework */; };
		BFAD4AEF1BA27B8B007DC19B /* save.png in Resources */ = {isa = PBXBuildFile; fileRef = BFAD4AEE1BA27B8B007DC19B /* save.png */; };
		BFAD4AF21BA2A059007DC19B /* Utillity.m in Sources */ = {isa = PBXBuildFile; fileRef = BFAD4AF11BA2A059007DC19B /* Utillity.m */; };
		BFAD4AF51BA2B0E3007DC19B /* FaceFilm.m in Sources */ = {isa = PBXBuildFile; fileRef = BFAD4AF41BA2B0E3007DC19B /* FaceFilm.m */; };
		BFB0042D1BA67175003135E7 /* Test01.png in Resources */ = {isa = PBXBuildFile; fileRef = BFB004291BA67174003135E7 /* Test01.png */; };
		BFB0042E1BA67175003135E7 /* Test02.png in Resources */ = {isa = PBXBuildFile; fileRef = BFB0042A1BA67174003135E7 /* Test02.png */; };
		BFB0042F1BA67175003135E7 /* Test03.png in Resources */ = {isa = PBXBuildFile; fileRef = BFB0042B1BA67175003135E7 /* Test03.png */; };
		BFB004301BA67175003135E7 /* Test04.png in Resources */ = {isa = PBXBuildFile; fileRef = BFB0042C1BA67175003135E7 /* Test04.png */; };
		BFB004341BA6CAA5003135E7 /* bg.png in Resources */ = {isa = PBXBuildFile; fileRef = BFB004331BA6CAA5003135E7 /* bg.png */; };
		BFB004371BA6CB3C003135E7 /* bgMusic.mp4 in Resources */ = {isa = PBXBuildFile; fileRef = BFB004361BA6CB3C003135E7 /* bgMusic.mp4 */; };
		BFFDBBEF1BA023350084F2AD /* MovieMaker.m in Sources */ = {isa = PBXBuildFile; fileRef = BFFDBBEE1BA023350084F2AD /* MovieMaker.m */; };
		BFFDBBF11BA0240F0084F2AD /* AVFoundation.framework in Frameworks */ = {isa = PBXBuildFile; fileRef = BFFDBBF01BA0240F0084F2AD /* AVFoundation.framework */; };
		BFFDBBF31BA048780084F2AD /* AssetsLibrary.framework in Frameworks */ = {isa = PBXBuildFile; fileRef = BFFDBBF21BA048780084F2AD /* AssetsLibrary.framework */; };
/* End PBXBuildFile section */

/* Begin PBXContainerItemProxy section */
		BF47FF111B993F6F00DCFCC0 /* PBXContainerItemProxy */ = {
			isa = PBXContainerItemProxy;
			containerPortal = BF47FEEF1B993F6F00DCFCC0 /* Project object */;
			proxyType = 1;
			remoteGlobalIDString = BF47FEF61B993F6F00DCFCC0;
			remoteInfo = FaceFilm;
		};
/* End PBXContainerItemProxy section */

/* Begin PBXFileReference section */
		BF44BC811B9E807B0020AE09 /* CoreImage.framework */ = {isa = PBXFileReference; lastKnownFileType = wrapper.framework; name = CoreImage.framework; path = System/Library/Frameworks/CoreImage.framework; sourceTree = SDKROOT; };
		BF44BC891B9EAFDA0020AE09 /* 01.png */ = {isa = PBXFileReference; lastKnownFileType = image.png; path = 01.png; sourceTree = "<group>"; };
		BF44BC8A1B9EAFDA0020AE09 /* 02.png */ = {isa = PBXFileReference; lastKnownFileType = image.png; path = 02.png; sourceTree = "<group>"; };
		BF44BC8B1B9EAFDA0020AE09 /* 03.png */ = {isa = PBXFileReference; lastKnownFileType = image.png; path = 03.png; sourceTree = "<group>"; };
		BF44BC8C1B9EAFDA0020AE09 /* 04.png */ = {isa = PBXFileReference; lastKnownFileType = image.png; path = 04.png; sourceTree = "<group>"; };
		BF44BC8D1B9EAFDA0020AE09 /* 05.png */ = {isa = PBXFileReference; lastKnownFileType = image.png; path = 05.png; sourceTree = "<group>"; };
		BF44BC8E1B9EAFDA0020AE09 /* 06.png */ = {isa = PBXFileReference; lastKnownFileType = image.png; path = 06.png; sourceTree = "<group>"; };
		BF44BC8F1B9EAFDA0020AE09 /* 07.png */ = {isa = PBXFileReference; lastKnownFileType = image.png; path = 07.png; sourceTree = "<group>"; };
		BF44BC901B9EAFDA0020AE09 /* 08.png */ = {isa = PBXFileReference; lastKnownFileType = image.png; path = 08.png; sourceTree = "<group>"; };
		BF44BC991B9EB6660020AE09 /* 09.png */ = {isa = PBXFileReference; lastKnownFileType = image.png; path = 09.png; sourceTree = "<group>"; };
		BF44BC9A1B9EB6660020AE09 /* 10.png */ = {isa = PBXFileReference; lastKnownFileType = image.png; path = 10.png; sourceTree = "<group>"; };
		BF44BC9D1B9EC76E0020AE09 /* 11.png */ = {isa = PBXFileReference; lastKnownFileType = image.png; path = 11.png; sourceTree = "<group>"; };
		BF44BC9E1B9EC76E0020AE09 /* 12.png */ = {isa = PBXFileReference; lastKnownFileType = image.png; path = 12.png; sourceTree = "<group>"; };
		BF44BCA11B9EE6060020AE09 /* Start.png */ = {isa = PBXFileReference; lastKnownFileType = image.png; path = Start.png; sourceTree = "<group>"; };
		BF47FEF71B993F6F00DCFCC0 /* FaceFilm.app */ = {isa = PBXFileReference; explicitFileType = wrapper.application; includeInIndex = 0; path = FaceFilm.app; sourceTree = BUILT_PRODUCTS_DIR; };
		BF47FEFB1B993F6F00DCFCC0 /* Info.plist */ = {isa = PBXFileReference; lastKnownFileType = text.plist.xml; path = Info.plist; sourceTree = "<group>"; };
		BF47FEFC1B993F6F00DCFCC0 /* main.m */ = {isa = PBXFileReference; lastKnownFileType = sourcecode.c.objc; path = main.m; sourceTree = "<group>"; };
		BF47FEFE1B993F6F00DCFCC0 /* AppDelegate.h */ = {isa = PBXFileReference; lastKnownFileType = sourcecode.c.h; path = AppDelegate.h; sourceTree = "<group>"; };
		BF47FEFF1B993F6F00DCFCC0 /* AppDelegate.m */ = {isa = PBXFileReference; lastKnownFileType = sourcecode.c.objc; path = AppDelegate.m; sourceTree = "<group>"; };
		BF47FF011B993F6F00DCFCC0 /* ViewController.h */ = {isa = PBXFileReference; lastKnownFileType = sourcecode.c.h; path = ViewController.h; sourceTree = "<group>"; };
		BF47FF021B993F6F00DCFCC0 /* ViewController.m */ = {isa = PBXFileReference; lastKnownFileType = sourcecode.c.objc; path = ViewController.m; sourceTree = "<group>"; };
		BF47FF051B993F6F00DCFCC0 /* Base */ = {isa = PBXFileReference; lastKnownFileType = file.storyboard; name = Base; path = Base.lproj/Main.storyboard; sourceTree = "<group>"; };
		BF47FF071B993F6F00DCFCC0 /* Images.xcassets */ = {isa = PBXFileReference; lastKnownFileType = folder.assetcatalog; path = Images.xcassets; sourceTree = "<group>"; };
		BF47FF0A1B993F6F00DCFCC0 /* Base */ = {isa = PBXFileReference; lastKnownFileType = file.xib; name = Base; path = Base.lproj/LaunchScreen.xib; sourceTree = "<group>"; };
		BF47FF101B993F6F00DCFCC0 /* FaceFilmTests.xctest */ = {isa = PBXFileReference; explicitFileType = wrapper.cfbundle; includeInIndex = 0; path = FaceFilmTests.xctest; sourceTree = BUILT_PRODUCTS_DIR; };
		BF47FF151B993F6F00DCFCC0 /* Info.plist */ = {isa = PBXFileReference; lastKnownFileType = text.plist.xml; path = Info.plist; sourceTree = "<group>"; };
		BF47FF161B993F6F00DCFCC0 /* FaceFilmTests.m */ = {isa = PBXFileReference; lastKnownFileType = sourcecode.c.objc; path = FaceFilmTests.m; sourceTree = "<group>"; };
		BF4EA6AF1B9D601800949F4B /* QuartzCore.framework */ = {isa = PBXFileReference; lastKnownFileType = wrapper.framework; name = QuartzCore.framework; path = System/Library/Frameworks/QuartzCore.framework; sourceTree = SDKROOT; };
		BFAD4AEE1BA27B8B007DC19B /* save.png */ = {isa = PBXFileReference; lastKnownFileType = image.png; path = save.png; sourceTree = "<group>"; };
		BFAD4AF01BA2A059007DC19B /* Utillity.h */ = {isa = PBXFileReference; fileEncoding = 4; lastKnownFileType = sourcecode.c.h; path = Utillity.h; sourceTree = "<group>"; };
		BFAD4AF11BA2A059007DC19B /* Utillity.m */ = {isa = PBXFileReference; fileEncoding = 4; lastKnownFileType = sourcecode.c.objc; path = Utillity.m; sourceTree = "<group>"; };
		BFAD4AF31BA2B0E3007DC19B /* FaceFilm.h */ = {isa = PBXFileReference; fileEncoding = 4; lastKnownFileType = sourcecode.c.h; path = FaceFilm.h; sourceTree = "<group>"; };
		BFAD4AF41BA2B0E3007DC19B /* FaceFilm.m */ = {isa = PBXFileReference; fileEncoding = 4; lastKnownFileType = sourcecode.c.objc; path = FaceFilm.m; sourceTree = "<group>"; };
		BFB004291BA67174003135E7 /* Test01.png */ = {isa = PBXFileReference; lastKnownFileType = image.png; path = Test01.png; sourceTree = "<group>"; };
		BFB0042A1BA67174003135E7 /* Test02.png */ = {isa = PBXFileReference; lastKnownFileType = image.png; path = Test02.png; sourceTree = "<group>"; };
		BFB0042B1BA67175003135E7 /* Test03.png */ = {isa = PBXFileReference; lastKnownFileType = image.png; path = Test03.png; sourceTree = "<group>"; };
		BFB0042C1BA67175003135E7 /* Test04.png */ = {isa = PBXFileReference; lastKnownFileType = image.png; path = Test04.png; sourceTree = "<group>"; };
		BFB004331BA6CAA5003135E7 /* bg.png */ = {isa = PBXFileReference; lastKnownFileType = image.png; path = bg.png; sourceTree = "<group>"; };
		BFB004361BA6CB3C003135E7 /* bgMusic.mp4 */ = {isa = PBXFileReference; lastKnownFileType = file; path = bgMusic.mp4; sourceTree = "<group>"; };
		BFFDBBED1BA023350084F2AD /* MovieMaker.h */ = {isa = PBXFileReference; fileEncoding = 4; lastKnownFileType = sourcecode.c.h; path = MovieMaker.h; sourceTree = "<group>"; };
		BFFDBBEE1BA023350084F2AD /* MovieMaker.m */ = {isa = PBXFileReference; fileEncoding = 4; lastKnownFileType = sourcecode.c.objc; path = MovieMaker.m; sourceTree = "<group>"; };
		BFFDBBF01BA0240F0084F2AD /* AVFoundation.framework */ = {isa = PBXFileReference; lastKnownFileType = wrapper.framework; name = AVFoundation.framework; path = System/Library/Frameworks/AVFoundation.framework; sourceTree = SDKROOT; };
		BFFDBBF21BA048780084F2AD /* AssetsLibrary.framework */ = {isa = PBXFileReference; lastKnownFileType = wrapper.framework; name = AssetsLibrary.framework; path = System/Library/Frameworks/AssetsLibrary.framework; sourceTree = SDKROOT; };
/* End PBXFileReference section */

/* Begin PBXFrameworksBuildPhase section */
		BF47FEF41B993F6F00DCFCC0 /* Frameworks */ = {
			isa = PBXFrameworksBuildPhase;
			buildActionMask = 2147483647;
			files = (
				BFFDBBF31BA048780084F2AD /* AssetsLibrary.framework in Frameworks */,
				BFFDBBF11BA0240F0084F2AD /* AVFoundation.framework in Frameworks */,
				BF44BC821B9E807B0020AE09 /* CoreImage.framework in Frameworks */,
				BF4EA6B01B9D601800949F4B /* QuartzCore.framework in Frameworks */,
			);
			runOnlyForDeploymentPostprocessing = 0;
		};
		BF47FF0D1B993F6F00DCFCC0 /* Frameworks */ = {
			isa = PBXFrameworksBuildPhase;
			buildActionMask = 2147483647;
			files = (
			);
			runOnlyForDeploymentPostprocessing = 0;
		};
/* End PBXFrameworksBuildPhase section */

/* Begin PBXGroup section */
		BF44BC801B9E80690020AE09 /* framework */ = {
			isa = PBXGroup;
			children = (
				BFFDBBF21BA048780084F2AD /* AssetsLibrary.framework */,
				BFFDBBF01BA0240F0084F2AD /* AVFoundation.framework */,
				BF44BC811B9E807B0020AE09 /* CoreImage.framework */,
				BF4EA6AF1B9D601800949F4B /* QuartzCore.framework */,
			);
			name = framework;
			sourceTree = "<group>";
		};
		BF47FEEE1B993F6F00DCFCC0 = {
			isa = PBXGroup;
			children = (
				BF44BC801B9E80690020AE09 /* framework */,
				BF47FEF91B993F6F00DCFCC0 /* FaceFilm */,
				BF47FF131B993F6F00DCFCC0 /* FaceFilmTests */,
				BF47FEF81B993F6F00DCFCC0 /* Products */,
			);
			sourceTree = "<group>";
		};
		BF47FEF81B993F6F00DCFCC0 /* Products */ = {
			isa = PBXGroup;
			children = (
				BF47FEF71B993F6F00DCFCC0 /* FaceFilm.app */,
				BF47FF101B993F6F00DCFCC0 /* FaceFilmTests.xctest */,
			);
			name = Products;
			sourceTree = "<group>";
		};
		BF47FEF91B993F6F00DCFCC0 /* FaceFilm */ = {
			isa = PBXGroup;
			children = (
				BFB004351BA6CB2E003135E7 /* music */,
				BF47FEFE1B993F6F00DCFCC0 /* AppDelegate.h */,
				BF47FEFF1B993F6F00DCFCC0 /* AppDelegate.m */,
				BFAD4AF31BA2B0E3007DC19B /* FaceFilm.h */,
				BFAD4AF41BA2B0E3007DC19B /* FaceFilm.m */,
				BFBA2C5A1B994A5F00CA8DD0 /* image */,
				BF47FF071B993F6F00DCFCC0 /* Images.xcassets */,
				BF47FF091B993F6F00DCFCC0 /* LaunchScreen.xib */,
				BF47FF041B993F6F00DCFCC0 /* Main.storyboard */,
				BFFDBBED1BA023350084F2AD /* MovieMaker.h */,
				BFFDBBEE1BA023350084F2AD /* MovieMaker.m */,
				BF47FEFA1B993F6F00DCFCC0 /* Supporting Files */,
				BFAD4AF01BA2A059007DC19B /* Utillity.h */,
				BFAD4AF11BA2A059007DC19B /* Utillity.m */,
				BF47FF011B993F6F00DCFCC0 /* ViewController.h */,
				BF47FF021B993F6F00DCFCC0 /* ViewController.m */,
			);
			path = FaceFilm;
			sourceTree = "<group>";
		};
		BF47FEFA1B993F6F00DCFCC0 /* Supporting Files */ = {
			isa = PBXGroup;
			children = (
				BF47FEFB1B993F6F00DCFCC0 /* Info.plist */,
				BF47FEFC1B993F6F00DCFCC0 /* main.m */,
			);
			name = "Supporting Files";
			sourceTree = "<group>";
		};
		BF47FF131B993F6F00DCFCC0 /* FaceFilmTests */ = {
			isa = PBXGroup;
			children = (
				BF47FF161B993F6F00DCFCC0 /* FaceFilmTests.m */,
				BF47FF141B993F6F00DCFCC0 /* Supporting Files */,
			);
			path = FaceFilmTests;
			sourceTree = "<group>";
		};
		BF47FF141B993F6F00DCFCC0 /* Supporting Files */ = {
			isa = PBXGroup;
			children = (
				BF47FF151B993F6F00DCFCC0 /* Info.plist */,
			);
			name = "Supporting Files";
			sourceTree = "<group>";
		};
		BFB004351BA6CB2E003135E7 /* music */ = {
			isa = PBXGroup;
			children = (
				BFB004361BA6CB3C003135E7 /* bgMusic.mp4 */,
			);
			name = music;
			sourceTree = "<group>";
		};
		BFBA2C5A1B994A5F00CA8DD0 /* image */ = {
			isa = PBXGroup;
			children = (
				BFB004331BA6CAA5003135E7 /* bg.png */,
				BF44BC891B9EAFDA0020AE09 /* 01.png */,
				BF44BC8A1B9EAFDA0020AE09 /* 02.png */,
				BF44BC8B1B9EAFDA0020AE09 /* 03.png */,
				BF44BC8C1B9EAFDA0020AE09 /* 04.png */,
				BF44BC8D1B9EAFDA0020AE09 /* 05.png */,
				BF44BC8E1B9EAFDA0020AE09 /* 06.png */,
				BF44BC8F1B9EAFDA0020AE09 /* 07.png */,
				BF44BC901B9EAFDA0020AE09 /* 08.png */,
				BF44BC991B9EB6660020AE09 /* 09.png */,
				BF44BC9A1B9EB6660020AE09 /* 10.png */,
				BF44BC9D1B9EC76E0020AE09 /* 11.png */,
				BF44BC9E1B9EC76E0020AE09 /* 12.png */,
				BFAD4AEE1BA27B8B007DC19B /* save.png */,
				BF44BCA11B9EE6060020AE09 /* Start.png */,
				BFB004291BA67174003135E7 /* Test01.png */,
				BFB0042A1BA67174003135E7 /* Test02.png */,
				BFB0042B1BA67175003135E7 /* Test03.png */,
				BFB0042C1BA67175003135E7 /* Test04.png */,
			);
			name = image;
			sourceTree = "<group>";
		};
/* End PBXGroup section */

/* Begin PBXNativeTarget section */
		BF47FEF61B993F6F00DCFCC0 /* FaceFilm */ = {
			isa = PBXNativeTarget;
			buildConfigurationList = BF47FF1A1B993F6F00DCFCC0 /* Build configuration list for PBXNativeTarget "FaceFilm" */;
			buildPhases = (
				BF47FEF31B993F6F00DCFCC0 /* Sources */,
				BF47FEF41B993F6F00DCFCC0 /* Frameworks */,
				BF47FEF51B993F6F00DCFCC0 /* Resources */,
			);
			buildRules = (
			);
			dependencies = (
			);
			name = FaceFilm;
			productName = FaceFilm;
			productReference = BF47FEF71B993F6F00DCFCC0 /* FaceFilm.app */;
			productType = "com.apple.product-type.application";
		};
		BF47FF0F1B993F6F00DCFCC0 /* FaceFilmTests */ = {
			isa = PBXNativeTarget;
			buildConfigurationList = BF47FF1D1B993F6F00DCFCC0 /* Build configuration list for PBXNativeTarget "FaceFilmTests" */;
			buildPhases = (
				BF47FF0C1B993F6F00DCFCC0 /* Sources */,
				BF47FF0D1B993F6F00DCFCC0 /* Frameworks */,
				BF47FF0E1B993F6F00DCFCC0 /* Resources */,
			);
			buildRules = (
			);
			dependencies = (
				BF47FF121B993F6F00DCFCC0 /* PBXTargetDependency */,
			);
			name = FaceFilmTests;
			productName = FaceFilmTests;
			productReference = BF47FF101B993F6F00DCFCC0 /* FaceFilmTests.xctest */;
			productType = "com.apple.product-type.bundle.unit-test";
		};
/* End PBXNativeTarget section */

/* Begin PBXProject section */
		BF47FEEF1B993F6F00DCFCC0 /* Project object */ = {
			isa = PBXProject;
			attributes = {
				LastUpgradeCheck = 0640;
				ORGANIZATIONNAME = JimmyJeng;
				TargetAttributes = {
					BF47FEF61B993F6F00DCFCC0 = {
						CreatedOnToolsVersion = 6.4;
						DevelopmentTeam = K4L6MY9LFY;
						ProvisioningStyle = Automatic;
					};
					BF47FF0F1B993F6F00DCFCC0 = {
						CreatedOnToolsVersion = 6.4;
						DevelopmentTeam = K4L6MY9LFY;
						TestTargetID = BF47FEF61B993F6F00DCFCC0;
					};
				};
			};
			buildConfigurationList = BF47FEF21B993F6F00DCFCC0 /* Build configuration list for PBXProject "FaceFilm" */;
			compatibilityVersion = "Xcode 3.2";
			developmentRegion = English;
			hasScannedForEncodings = 0;
			knownRegions = (
				en,
				Base,
			);
			mainGroup = BF47FEEE1B993F6F00DCFCC0;
			productRefGroup = BF47FEF81B993F6F00DCFCC0 /* Products */;
			projectDirPath = "";
			projectRoot = "";
			targets = (
				BF47FEF61B993F6F00DCFCC0 /* FaceFilm */,
				BF47FF0F1B993F6F00DCFCC0 /* FaceFilmTests */,
			);
		};
/* End PBXProject section */

/* Begin PBXResourcesBuildPhase section */
		BF47FEF51B993F6F00DCFCC0 /* Resources */ = {
			isa = PBXResourcesBuildPhase;
			buildActionMask = 2147483647;
			files = (
				BFB0042F1BA67175003135E7 /* Test03.png in Resources */,
				BF44BC9B1B9EB6660020AE09 /* 09.png in Resources */,
				BF44BC931B9EAFDA0020AE09 /* 03.png in Resources */,
				BFAD4AEF1BA27B8B007DC19B /* save.png in Resources */,
				BF44BC911B9EAFDA0020AE09 /* 01.png in Resources */,
				BF44BCA21B9EE6060020AE09 /* Start.png in Resources */,
				BF47FF061B993F6F00DCFCC0 /* Main.storyboard in Resources */,
				BFB0042E1BA67175003135E7 /* Test02.png in Resources */,
				BFB004301BA67175003135E7 /* Test04.png in Resources */,
				BF47FF0B1B993F6F00DCFCC0 /* LaunchScreen.xib in Resources */,
				BFB004371BA6CB3C003135E7 /* bgMusic.mp4 in Resources */,
				BF44BC981B9EAFDA0020AE09 /* 08.png in Resources */,
				BFB0042D1BA67175003135E7 /* Test01.png in Resources */,
				BF44BC971B9EAFDA0020AE09 /* 07.png in Resources */,
				BF44BC9C1B9EB6660020AE09 /* 10.png in Resources */,
				BF44BC961B9EAFDA0020AE09 /* 06.png in Resources */,
				BF44BC9F1B9EC76E0020AE09 /* 11.png in Resources */,
				BF44BC951B9EAFDA0020AE09 /* 05.png in Resources */,
				BF44BCA01B9EC76E0020AE09 /* 12.png in Resources */,
				BF44BC941B9EAFDA0020AE09 /* 04.png in Resources */,
				BF47FF081B993F6F00DCFCC0 /* Images.xcassets in Resources */,
				BFB004341BA6CAA5003135E7 /* bg.png in Resources */,
				BF44BC921B9EAFDA0020AE09 /* 02.png in Resources */,
			);
			runOnlyForDeploymentPostprocessing = 0;
		};
		BF47FF0E1B993F6F00DCFCC0 /* Resources */ = {
			isa = PBXResourcesBuildPhase;
			buildActionMask = 2147483647;
			files = (
			);
			runOnlyForDeploymentPostprocessing = 0;
		};
/* End PBXResourcesBuildPhase section */

/* Begin PBXSourcesBuildPhase section */
		BF47FEF31B993F6F00DCFCC0 /* Sources */ = {
			isa = PBXSourcesBuildPhase;
			buildActionMask = 2147483647;
			files = (
				BF47FF031B993F6F00DCFCC0 /* ViewController.m in Sources */,
				BF47FF001B993F6F00DCFCC0 /* AppDelegate.m in Sources */,
				BFAD4AF21BA2A059007DC19B /* Utillity.m in Sources */,
				BF47FEFD1B993F6F00DCFCC0 /* main.m in Sources */,
				BFAD4AF51BA2B0E3007DC19B /* FaceFilm.m in Sources */,
				BFFDBBEF1BA023350084F2AD /* MovieMaker.m in Sources */,
			);
			runOnlyForDeploymentPostprocessing = 0;
		};
		BF47FF0C1B993F6F00DCFCC0 /* Sources */ = {
			isa = PBXSourcesBuildPhase;
			buildActionMask = 2147483647;
			files = (
				BF47FF171B993F6F00DCFCC0 /* FaceFilmTests.m in Sources */,
			);
			runOnlyForDeploymentPostprocessing = 0;
		};
/* End PBXSourcesBuildPhase section */

/* Begin PBXTargetDependency section */
		BF47FF121B993F6F00DCFCC0 /* PBXTargetDependency */ = {
			isa = PBXTargetDependency;
			target = BF47FEF61B993F6F00DCFCC0 /* FaceFilm */;
			targetProxy = BF47FF111B993F6F00DCFCC0 /* PBXContainerItemProxy */;
		};
/* End PBXTargetDependency section */

/* Begin PBXVariantGroup section */
		BF47FF041B993F6F00DCFCC0 /* Main.storyboard */ = {
			isa = PBXVariantGroup;
			children = (
				BF47FF051B993F6F00DCFCC0 /* Base */,
			);
			name = Main.storyboard;
			sourceTree = "<group>";
		};
		BF47FF091B993F6F00DCFCC0 /* LaunchScreen.xib */ = {
			isa = PBXVariantGroup;
			children = (
				BF47FF0A1B993F6F00DCFCC0 /* Base */,
			);
			name = LaunchScreen.xib;
			sourceTree = "<group>";
		};
/* End PBXVariantGroup section */

/* Begin XCBuildConfiguration section */
		BF47FF181B993F6F00DCFCC0 /* Debug */ = {
			isa = XCBuildConfiguration;
			buildSettings = {
				ALWAYS_SEARCH_USER_PATHS = NO;
				CLANG_CXX_LANGUAGE_STANDARD = "gnu++0x";
				CLANG_CXX_LIBRARY = "libc++";
				CLANG_ENABLE_MODULES = YES;
				CLANG_ENABLE_OBJC_ARC = YES;
				CLANG_WARN_BOOL_CONVERSION = YES;
				CLANG_WARN_CONSTANT_CONVERSION = YES;
				CLANG_WARN_DIRECT_OBJC_ISA_USAGE = YES_ERROR;
				CLANG_WARN_EMPTY_BODY = YES;
				CLANG_WARN_ENUM_CONVERSION = YES;
				CLANG_WARN_INT_CONVERSION = YES;
				CLANG_WARN_OBJC_ROOT_CLASS = YES_ERROR;
				CLANG_WARN_UNREACHABLE_CODE = YES;
				CLANG_WARN__DUPLICATE_METHOD_MATCH = YES;
				"CODE_SIGN_IDENTITY[sdk=iphoneos*]" = "iPhone Developer";
				COPY_PHASE_STRIP = NO;
				DEBUG_INFORMATION_FORMAT = "dwarf-with-dsym";
				ENABLE_STRICT_OBJC_MSGSEND = YES;
				GCC_C_LANGUAGE_STANDARD = gnu99;
				GCC_DYNAMIC_NO_PIC = NO;
				GCC_NO_COMMON_BLOCKS = YES;
				GCC_OPTIMIZATION_LEVEL = 0;
				GCC_PREPROCESSOR_DEFINITIONS = (
					"DEBUG=1",
					"$(inherited)",
				);
				GCC_SYMBOLS_PRIVATE_EXTERN = NO;
				GCC_WARN_64_TO_32_BIT_CONVERSION = YES;
				GCC_WARN_ABOUT_RETURN_TYPE = YES_ERROR;
				GCC_WARN_UNDECLARED_SELECTOR = YES;
				GCC_WARN_UNINITIALIZED_AUTOS = YES_AGGRESSIVE;
				GCC_WARN_UNUSED_FUNCTION = YES;
				GCC_WARN_UNUSED_VARIABLE = YES;
				IPHONEOS_DEPLOYMENT_TARGET = 8.4;
				MTL_ENABLE_DEBUG_INFO = YES;
				ONLY_ACTIVE_ARCH = YES;
				SDKROOT = iphoneos;
				TARGETED_DEVICE_FAMILY = "1,2";
			};
			name = Debug;
		};
		BF47FF191B993F6F00DCFCC0 /* Release */ = {
			isa = XCBuildConfiguration;
			buildSettings = {
				ALWAYS_SEARCH_USER_PATHS = NO;
				CLANG_CXX_LANGUAGE_STANDARD = "gnu++0x";
				CLANG_CXX_LIBRARY = "libc++";
				CLANG_ENABLE_MODULES = YES;
				CLANG_ENABLE_OBJC_ARC = YES;
				CLANG_WARN_BOOL_CONVERSION = YES;
				CLANG_WARN_CONSTANT_CONVERSION = YES;
				CLANG_WARN_DIRECT_OBJC_ISA_USAGE = YES_ERROR;
				CLANG_WARN_EMPTY_BODY = YES;
				CLANG_WARN_ENUM_CONVERSION = YES;
				CLANG_WARN_INT_CONVERSION = YES;
				CLANG_WARN_OBJC_ROOT_CLASS = YES_ERROR;
				CLANG_WARN_UNREACHABLE_CODE = YES;
				CLANG_WARN__DUPLICATE_METHOD_MATCH = YES;
				"CODE_SIGN_IDENTITY[sdk=iphoneos*]" = "iPhone Developer";
				COPY_PHASE_STRIP = NO;
				DEBUG_INFORMATION_FORMAT = "dwarf-with-dsym";
				ENABLE_NS_ASSERTIONS = NO;
				ENABLE_STRICT_OBJC_MSGSEND = YES;
				GCC_C_LANGUAGE_STANDARD = gnu99;
				GCC_NO_COMMON_BLOCKS = YES;
				GCC_WARN_64_TO_32_BIT_CONVERSION = YES;
				GCC_WARN_ABOUT_RETURN_TYPE = YES_ERROR;
				GCC_WARN_UNDECLARED_SELECTOR = YES;
				GCC_WARN_UNINITIALIZED_AUTOS = YES_AGGRESSIVE;
				GCC_WARN_UNUSED_FUNCTION = YES;
				GCC_WARN_UNUSED_VARIABLE = YES;
				IPHONEOS_DEPLOYMENT_TARGET = 8.4;
				MTL_ENABLE_DEBUG_INFO = NO;
				SDKROOT = iphoneos;
				TARGETED_DEVICE_FAMILY = "1,2";
				VALIDATE_PRODUCT = YES;
			};
			name = Release;
		};
		BF47FF1B1B993F6F00DCFCC0 /* Debug */ = {
			isa = XCBuildConfiguration;
			buildSettings = {
				ASSETCATALOG_COMPILER_APPICON_NAME = AppIcon;
				CODE_SIGN_IDENTITY = "iPhone Developer: Jimmy Jeng (E7GZ46Q758)";
				"CODE_SIGN_IDENTITY[sdk=iphoneos*]" = "iPhone Developer";
				DEVELOPMENT_TEAM = K4L6MY9LFY;
				INFOPLIST_FILE = FaceFilm/Info.plist;
				IPHONEOS_DEPLOYMENT_TARGET = 7.0;
				LD_RUNPATH_SEARCH_PATHS = "$(inherited) @executable_path/Frameworks";
				PRODUCT_NAME = "$(TARGET_NAME)";
				PROVISIONING_PROFILE = "";
				PROVISIONING_PROFILE_SPECIFIER = "";
			};
			name = Debug;
		};
		BF47FF1C1B993F6F00DCFCC0 /* Release */ = {
			isa = XCBuildConfiguration;
			buildSettings = {
				ASSETCATALOG_COMPILER_APPICON_NAME = AppIcon;
				CODE_SIGN_IDENTITY = "";
				"CODE_SIGN_IDENTITY[sdk=iphoneos*]" = "iPhone Developer";
				DEVELOPMENT_TEAM = K4L6MY9LFY;
				INFOPLIST_FILE = FaceFilm/Info.plist;
				IPHONEOS_DEPLOYMENT_TARGET = 7.0;
				LD_RUNPATH_SEARCH_PATHS = "$(inherited) @executable_path/Frameworks";
				PRODUCT_NAME = "$(TARGET_NAME)";
				PROVISIONING_PROFILE = "";
				PROVISIONING_PROFILE_SPECIFIER = "";
			};
			name = Release;
		};
		BF47FF1E1B993F6F00DCFCC0 /* Debug */ = {
			isa = XCBuildConfiguration;
			buildSettings = {
				BUNDLE_LOADER = "$(TEST_HOST)";
				DEVELOPMENT_TEAM = K4L6MY9LFY;
				FRAMEWORK_SEARCH_PATHS = (
					"$(SDKROOT)/Developer/Library/Frameworks",
					"$(inherited)",
				);
				GCC_PREPROCESSOR_DEFINITIONS = (
					"DEBUG=1",
					"$(inherited)",
				);
				INFOPLIST_FILE = FaceFilmTests/Info.plist;
				LD_RUNPATH_SEARCH_PATHS = "$(inherited) @executable_path/Frameworks @loader_path/Frameworks";
				PRODUCT_NAME = "$(TARGET_NAME)";
				TEST_HOST = "$(BUILT_PRODUCTS_DIR)/FaceFilm.app/FaceFilm";
			};
			name = Debug;
		};
		BF47FF1F1B993F6F00DCFCC0 /* Release */ = {
			isa = XCBuildConfiguration;
			buildSettings = {
				BUNDLE_LOADER = "$(TEST_HOST)";
				DEVELOPMENT_TEAM = K4L6MY9LFY;
				FRAMEWORK_SEARCH_PATHS = (
					"$(SDKROOT)/Developer/Library/Frameworks",
					"$(inherited)",
				);
				INFOPLIST_FILE = FaceFilmTests/Info.plist;
				LD_RUNPATH_SEARCH_PATHS = "$(inherited) @executable_path/Frameworks @loader_path/Frameworks";
				PRODUCT_NAME = "$(TARGET_NAME)";
				TEST_HOST = "$(BUILT_PRODUCTS_DIR)/FaceFilm.app/FaceFilm";
			};
			name = Release;
		};
/* End XCBuildConfiguration section */

/* Begin XCConfigurationList section */
		BF47FEF21B993F6F00DCFCC0 /* Build configuration list for PBXProject "FaceFilm" */ = {
			isa = XCConfigurationList;
			buildConfigurations = (
				BF47FF181B993F6F00DCFCC0 /* Debug */,
				BF47FF191B993F6F00DCFCC0 /* Release */,
			);
			defaultConfigurationIsVisible = 0;
			defaultConfigurationName = Release;
		};
		BF47FF1A1B993F6F00DCFCC0 /* Build configuration list for PBXNativeTarget "FaceFilm" */ = {
			isa = XCConfigurationList;
			buildConfigurations = (
				BF47FF1B1B993F6F00DCFCC0 /* Debug */,
				BF47FF1C1B993F6F00DCFCC0 /* Release */,
			);
			defaultConfigurationIsVisible = 0;
			defaultConfigurationName = Release;
		};
		BF47FF1D1B993F6F00DCFCC0 /* Build configuration list for PBXNativeTarget "FaceFilmTests" */ = {
			isa = XCConfigurationList;
			buildConfigurations = (
				BF47FF1E1B993F6F00DCFCC0 /* Debug */,
				BF47FF1F1B993F6F00DCFCC0 /* Release */,
			);
			defaultConfigurationIsVisible = 0;
			defaultConfigurationName = Release;
		};
/* End XCConfigurationList section */
	};
	rootObject = BF47FEEF1B993F6F00DCFCC0 /* Project object */;
}
